
Microsoft Visual Studio Solution File, Format Version 12.00
# Visual Studio Version 16
VisualStudioVersion = 16.0.31911.196
MinimumVisualStudioVersion = 10.0.40219.1
Project("{9A19103F-16F7-4668-BE54-9A1E7A4F7556}") = "01_Views", "01_Views\01_Views.csproj", "{0A07E9DB-8150-45A9-A93E-4D806890D8BB}"
EndProject
Project("{9A19103F-16F7-4668-BE54-9A1E7A4F7556}") = "02_HtmlHelpers", "02_HtmlHelpers\02_HtmlHelpers.csproj", "{135D69A4-B824-4E65-851A-828329B6E344}"
EndProject
Project("{9A19103F-16F7-4668-BE54-9A1E7A4F7556}") = "02.1_HtmlHelpers", "02.1_HtmlHelpers\02.1_HtmlHelpers.csproj", "{1CB84EC2-7F98-4B8C-B512-B84256186949}"
EndProject
Project("{FAE04EC0-301F-11D3-BF4B-00C04F79EFBC}") = "02.2_CustomHtmlHelpers", "02_CustomHtmlHelpers2\02.2_CustomHtmlHelpers.csproj", "{0B1F1BEC-3411-47B5-8667-466B558847B0}"
EndProject
Global
	GlobalSection(SolutionConfigurationPlatforms) = preSolution
		Debug|Any CPU = Debug|Any CPU
		Release|Any CPU = Release|Any CPU
	EndGlobalSection
	GlobalSection(ProjectConfigurationPlatforms) = postSolution
		{0A07E9DB-8150-45A9-A93E-4D806890D8BB}.Debug|Any CPU.ActiveCfg = Debug|Any CPU
		{0A07E9DB-8150-45A9-A93E-4D806890D8BB}.Debug|Any CPU.Build.0 = Debug|Any CPU
		{0A07E9DB-8150-45A9-A93E-4D806890D8BB}.Release|Any CPU.ActiveCfg = Release|Any CPU
		{0A07E9DB-8150-45A9-A93E-4D806890D8BB}.Release|Any CPU.Build.0 = Release|Any CPU
		{135D69A4-B824-4E65-851A-828329B6E344}.Debug|Any CPU.ActiveCfg = Debug|Any CPU
		{135D69A4-B824-4E65-851A-828329B6E344}.Debug|Any CPU.Build.0 = Debug|Any CPU
		{135D69A4-B824-4E65-851A-828329B6E344}.Release|Any CPU.ActiveCfg = Release|Any CPU
		{135D69A4-B824-4E65-851A-828329B6E344}.Release|Any CPU.Build.0 = Release|Any CPU
		{1CB84EC2-7F98-4B8C-B512-B84256186949}.Debug|Any CPU.ActiveCfg = Debug|Any CPU
		{1CB84EC2-7F98-4B8C-B512-B84256186949}.Debug|Any CPU.Build.0 = Debug|Any CPU
		{1CB84EC2-7F98-4B8C-B512-B84256186949}.Release|Any CPU.ActiveCfg = Release|Any CPU
		{1CB84EC2-7F98-4B8C-B512-B84256186949}.Release|Any CPU.Build.0 = Release|Any CPU
		{0B1F1BEC-3411-47B5-8667-466B558847B0}.Debug|Any CPU.ActiveCfg = Debug|Any CPU
		{0B1F1BEC-3411-47B5-8667-466B558847B0}.Debug|Any CPU.Build.0 = Debug|Any CPU
		{0B1F1BEC-3411-47B5-8667-466B558847B0}.Release|Any CPU.ActiveCfg = Release|Any CPU
		{0B1F1BEC-3411-47B5-8667-466B558847B0}.Release|Any CPU.Build.0 = Release|Any CPU
	EndGlobalSection
	GlobalSection(SolutionProperties) = preSolution
		HideSolutionNode = FALSE
	EndGlobalSection
	GlobalSection(ExtensibilityGlobals) = postSolution
		SolutionGuid = {16E25D98-FD13-4650-81E5-1F613303F43C}
	EndGlobalSection
EndGlobal
